
Microsoft Visual Studio Solution File, Format Version 12.00
# Visual Studio Version 16
VisualStudioVersion = 16.0.28922.388
MinimumVisualStudioVersion = 10.0.40219.1
Project("{2150E333-8FDC-42A3-9474-1A3956D46DE8}") = "DotNetty", "DotNetty", "{69EB31A4-2922-4FAE-A100-63FEB304DFF1}"
EndProject
Project("{2150E333-8FDC-42A3-9474-1A3956D46DE8}") = "Surging", "Surging", "{8C575688-10A9-4B1D-8A29-C3CFF5D59ED0}"
EndProject
Project("{2150E333-8FDC-42A3-9474-1A3956D46DE8}") = "src", "src", "{426980F2-370E-4C21-8DF5-56871DA50514}"
EndProject
Project("{9A19103F-16F7-4668-BE54-9A1E7A4F7556}") = "Surging.Core.Abp", "src\Surging\Surging.Core.Abp\Surging.Core.Abp.csproj", "{C83FC7C8-3B37-4F2F-AE4C-BE11FDA91AE6}"
EndProject
Project("{9A19103F-16F7-4668-BE54-9A1E7A4F7556}") = "Surging.Core.ApiGateWay", "src\Surging\Surging.Core.ApiGateWay\Surging.Core.ApiGateWay.csproj", "{42EB22E1-2978-423F-AD88-06178258FADB}"
EndProject
Project("{9A19103F-16F7-4668-BE54-9A1E7A4F7556}") = "Surging.Core.AutoMapper", "src\Surging\Surging.Core.AutoMapper\Surging.Core.AutoMapper.csproj", "{D476CBE2-ADFC-48CB-96D8-B3A605628DBD}"
EndProject
Project("{9A19103F-16F7-4668-BE54-9A1E7A4F7556}") = "Surging.Core.Caching", "src\Surging\Surging.Core.Caching\Surging.Core.Caching.csproj", "{4F4D45E2-6841-4E93-8070-AEFA4752737A}"
EndProject
Project("{9A19103F-16F7-4668-BE54-9A1E7A4F7556}") = "Surging.Core.Codec.ProtoBuffer", "src\Surging\Surging.Core.Codec.ProtoBuffer\Surging.Core.Codec.ProtoBuffer.csproj", "{0823BD73-2EC7-4D7C-8C57-283D2780934D}"
EndProject
Project("{9A19103F-16F7-4668-BE54-9A1E7A4F7556}") = "Surging.Core.Codec.MessagePack", "src\Surging\Surging.Core.Codec.MessagePack\Surging.Core.Codec.MessagePack.csproj", "{E477366C-7861-4CD7-BC29-FD02ACB6D74E}"
EndProject
Project("{9A19103F-16F7-4668-BE54-9A1E7A4F7556}") = "Surging.Core.Common", "src\Surging\Surging.Core.Common\Surging.Core.Common.csproj", "{D500A377-E2A4-4BF4-A908-940D9EA31263}"
EndProject
Project("{9A19103F-16F7-4668-BE54-9A1E7A4F7556}") = "Surging.Core.CPlatform", "src\Surging\Surging.Core.CPlatform\Surging.Core.CPlatform.csproj", "{19B067B0-915B-4E3A-8015-0BCD84D7C8AE}"
EndProject
Project("{9A19103F-16F7-4668-BE54-9A1E7A4F7556}") = "Surging.Core.DNS", "src\Surging\Surging.Core.DNS\Surging.Core.DNS.csproj", "{308BE84A-F111-4990-8941-7A94FF2B4906}"
EndProject
Project("{9A19103F-16F7-4668-BE54-9A1E7A4F7556}") = "Surging.Core.EventBusKafka", "src\Surging\Surging.Core.EventBusKafka\Surging.Core.EventBusKafka.csproj", "{47E36167-2DAB-4511-9836-4BE9EFB1C171}"
EndProject
Project("{9A19103F-16F7-4668-BE54-9A1E7A4F7556}") = "Surging.Core.EventBusRabbitMQ", "src\Surging\Surging.Core.EventBusRabbitMQ\Surging.Core.EventBusRabbitMQ.csproj", "{3756A455-ECFB-40BB-9381-DE6F2662F10F}"
EndProject
Project("{9A19103F-16F7-4668-BE54-9A1E7A4F7556}") = "Surging.Core.KestrelHttpServer", "src\Surging\Surging.Core.KestrelHttpServer\Surging.Core.KestrelHttpServer.csproj", "{CAC31561-140C-477F-9ABF-373D5E21A3F2}"
EndProject
Project("{9A19103F-16F7-4668-BE54-9A1E7A4F7556}") = "Surging.Core.Log4net", "src\Surging\Surging.Core.Log4net\Surging.Core.Log4net.csproj", "{C92C7778-2210-476E-99BF-815EE08AFB70}"
EndProject
Project("{9A19103F-16F7-4668-BE54-9A1E7A4F7556}") = "Surging.Core.Nlog", "src\Surging\Surging.Core.NLog\Surging.Core.Nlog.csproj", "{E9E94792-390B-4118-BC73-292400852D5D}"
EndProject
Project("{9A19103F-16F7-4668-BE54-9A1E7A4F7556}") = "Surging.Core.Protocol.Http", "src\Surging\Surging.Core.Protocol.Http\Surging.Core.Protocol.Http.csproj", "{A870A266-698E-471A-B315-B0945FF17E20}"
EndProject
Project("{9A19103F-16F7-4668-BE54-9A1E7A4F7556}") = "Surging.Core.Protocol.Mqtt", "src\Surging\Surging.Core.Protocol.Mqtt\Surging.Core.Protocol.Mqtt.csproj", "{5B86A622-2968-4382-BD82-E654DB8068D7}"
EndProject
Project("{9A19103F-16F7-4668-BE54-9A1E7A4F7556}") = "Surging.Core.Protocol.WS", "src\Surging\Surging.Core.Protocol.WS\Surging.Core.Protocol.WS.csproj", "{C3BA0114-14ED-4244-B208-AA15EC718AC7}"
EndProject
Project("{9A19103F-16F7-4668-BE54-9A1E7A4F7556}") = "Surging.Core.ProxyGenerator", "src\Surging\Surging.Core.ProxyGenerator\Surging.Core.ProxyGenerator.csproj", "{B61D76B3-C87E-4E01-A3C3-94C43BBBC9C4}"
EndProject
Project("{9A19103F-16F7-4668-BE54-9A1E7A4F7556}") = "Surging.Core.Stage", "src\Surging\Surging.Core.Stage\Surging.Core.Stage.csproj", "{55C83230-90EE-42BE-9F5D-679A5C566F35}"
EndProject
Project("{9A19103F-16F7-4668-BE54-9A1E7A4F7556}") = "Surging.Core.Swagger", "src\Surging\Surging.Core.Swagger\Surging.Core.Swagger.csproj", "{3E9783D4-1E4F-43CC-8055-EF2413043A0C}"
EndProject
Project("{9A19103F-16F7-4668-BE54-9A1E7A4F7556}") = "Surging.Core.System", "src\Surging\Surging.Core.System\Surging.Core.System.csproj", "{40FC007D-F071-437E-A2F1-E3266CE7E837}"
EndProject
Project("{9A19103F-16F7-4668-BE54-9A1E7A4F7556}") = "Surging.Core.Zookeeper", "src\Surging\Surging.Core.Zookeeper\Surging.Core.Zookeeper.csproj", "{987E0C05-455D-453E-847F-647954FF1ED3}"
EndProject
Project("{9A19103F-16F7-4668-BE54-9A1E7A4F7556}") = "Surging.WebSocketCore", "src\Surging\Surging.WebSocketCore\Surging.WebSocketCore.csproj", "{10E163BF-8D0A-4AFB-84A1-15BD6386DF9E}"
EndProject
Project("{9A19103F-16F7-4668-BE54-9A1E7A4F7556}") = "DotNetty.Codecs.DNS", "src\DotNetty\DotNetty.Codecs.DNS\DotNetty.Codecs.DNS.csproj", "{AC8EEA6D-C1DF-425D-B997-A403BC78F011}"
EndProject
Project("{9A19103F-16F7-4668-BE54-9A1E7A4F7556}") = "Surging.Core.ServiceHosting", "src\Surging\Surging.Core.ServiceHosting\Surging.Core.ServiceHosting.csproj", "{9289D46F-9AC4-441C-91F5-7EBDA8D8AC79}"
EndProject
Project("{9A19103F-16F7-4668-BE54-9A1E7A4F7556}") = "Surging.Core.DotNetty", "src\Surging\Surging.Core.DotNetty\Surging.Core.DotNetty.csproj", "{8ED31051-B6AD-487A-B6CB-98A3B634ECA4}"
EndProject
Project("{2150E333-8FDC-42A3-9474-1A3956D46DE8}") = "test", "test", "{BE7A5A24-5E45-408C-A12C-B572588B9625}"
EndProject
Project("{9A19103F-16F7-4668-BE54-9A1E7A4F7556}") = "Surging.Test.Client", "test\Surging.Test.Client\Surging.Test.Client.csproj", "{5D73438B-88B6-42D8-88B1-8E507C751C8B}"
EndProject
Project("{9A19103F-16F7-4668-BE54-9A1E7A4F7556}") = "Surging.Test.Server", "test\Surging.Test.Server\Surging.Test.Server.csproj", "{92AAE113-1D61-43C0-A31E-478697D7E7D4}"
EndProject
Project("{E53339B2-1760-4266-BCC7-CA923CBCF16C}") = "docker-compose", "docker-compose\docker-compose.dcproj", "{FEA0C318-FFED-4D39-8781-265718CA43DD}"
EndProject
Project("{2150E333-8FDC-42A3-9474-1A3956D46DE8}") = ".env", ".env", "{49F2A191-C02D-4B88-A309-E65F4E8E6A8A}"
	ProjectSection(SolutionItems) = preProject
		docker-compose\.env = docker-compose\.env
	EndProjectSection
EndProject
Project("{9A19103F-16F7-4668-BE54-9A1E7A4F7556}") = "Surging.Core.Consul", "src\Surging\Surging.Core.Consul\Surging.Core.Consul.csproj", "{51974EAE-BC3F-47AC-8238-F4104905E9F3}"
EndProject
Global
	GlobalSection(SolutionConfigurationPlatforms) = preSolution
		Debug|Any CPU = Debug|Any CPU
		Release|Any CPU = Release|Any CPU
	EndGlobalSection
	GlobalSection(ProjectConfigurationPlatforms) = postSolution
		{C83FC7C8-3B37-4F2F-AE4C-BE11FDA91AE6}.Debug|Any CPU.ActiveCfg = Debug|Any CPU
		{C83FC7C8-3B37-4F2F-AE4C-BE11FDA91AE6}.Debug|Any CPU.Build.0 = Debug|Any CPU
		{C83FC7C8-3B37-4F2F-AE4C-BE11FDA91AE6}.Release|Any CPU.ActiveCfg = Release|Any CPU
		{C83FC7C8-3B37-4F2F-AE4C-BE11FDA91AE6}.Release|Any CPU.Build.0 = Release|Any CPU
		{42EB22E1-2978-423F-AD88-06178258FADB}.Debug|Any CPU.ActiveCfg = Debug|Any CPU
		{42EB22E1-2978-423F-AD88-06178258FADB}.Debug|Any CPU.Build.0 = Debug|Any CPU
		{42EB22E1-2978-423F-AD88-06178258FADB}.Release|Any CPU.ActiveCfg = Release|Any CPU
		{42EB22E1-2978-423F-AD88-06178258FADB}.Release|Any CPU.Build.0 = Release|Any CPU
		{D476CBE2-ADFC-48CB-96D8-B3A605628DBD}.Debug|Any CPU.ActiveCfg = Debug|Any CPU
		{D476CBE2-ADFC-48CB-96D8-B3A605628DBD}.Debug|Any CPU.Build.0 = Debug|Any CPU
		{D476CBE2-ADFC-48CB-96D8-B3A605628DBD}.Release|Any CPU.ActiveCfg = Release|Any CPU
		{D476CBE2-ADFC-48CB-96D8-B3A605628DBD}.Release|Any CPU.Build.0 = Release|Any CPU
		{4F4D45E2-6841-4E93-8070-AEFA4752737A}.Debug|Any CPU.ActiveCfg = Debug|Any CPU
		{4F4D45E2-6841-4E93-8070-AEFA4752737A}.Debug|Any CPU.Build.0 = Debug|Any CPU
		{4F4D45E2-6841-4E93-8070-AEFA4752737A}.Release|Any CPU.ActiveCfg = Release|Any CPU
		{4F4D45E2-6841-4E93-8070-AEFA4752737A}.Release|Any CPU.Build.0 = Release|Any CPU
		{0823BD73-2EC7-4D7C-8C57-283D2780934D}.Debug|Any CPU.ActiveCfg = Debug|Any CPU
		{0823BD73-2EC7-4D7C-8C57-283D2780934D}.Debug|Any CPU.Build.0 = Debug|Any CPU
		{0823BD73-2EC7-4D7C-8C57-283D2780934D}.Release|Any CPU.ActiveCfg = Release|Any CPU
		{0823BD73-2EC7-4D7C-8C57-283D2780934D}.Release|Any CPU.Build.0 = Release|Any CPU
		{E477366C-7861-4CD7-BC29-FD02ACB6D74E}.Debug|Any CPU.ActiveCfg = Debug|Any CPU
		{E477366C-7861-4CD7-BC29-FD02ACB6D74E}.Debug|Any CPU.Build.0 = Debug|Any CPU
		{E477366C-7861-4CD7-BC29-FD02ACB6D74E}.Release|Any CPU.ActiveCfg = Release|Any CPU
		{E477366C-7861-4CD7-BC29-FD02ACB6D74E}.Release|Any CPU.Build.0 = Release|Any CPU
		{D500A377-E2A4-4BF4-A908-940D9EA31263}.Debug|Any CPU.ActiveCfg = Debug|Any CPU
		{D500A377-E2A4-4BF4-A908-940D9EA31263}.Debug|Any CPU.Build.0 = Debug|Any CPU
		{D500A377-E2A4-4BF4-A908-940D9EA31263}.Release|Any CPU.ActiveCfg = Release|Any CPU
		{D500A377-E2A4-4BF4-A908-940D9EA31263}.Release|Any CPU.Build.0 = Release|Any CPU
		{19B067B0-915B-4E3A-8015-0BCD84D7C8AE}.Debug|Any CPU.ActiveCfg = Debug|Any CPU
		{19B067B0-915B-4E3A-8015-0BCD84D7C8AE}.Debug|Any CPU.Build.0 = Debug|Any CPU
		{19B067B0-915B-4E3A-8015-0BCD84D7C8AE}.Release|Any CPU.ActiveCfg = Release|Any CPU
		{19B067B0-915B-4E3A-8015-0BCD84D7C8AE}.Release|Any CPU.Build.0 = Release|Any CPU
		{308BE84A-F111-4990-8941-7A94FF2B4906}.Debug|Any CPU.ActiveCfg = Debug|Any CPU
		{308BE84A-F111-4990-8941-7A94FF2B4906}.Debug|Any CPU.Build.0 = Debug|Any CPU
		{308BE84A-F111-4990-8941-7A94FF2B4906}.Release|Any CPU.ActiveCfg = Release|Any CPU
		{308BE84A-F111-4990-8941-7A94FF2B4906}.Release|Any CPU.Build.0 = Release|Any CPU
		{47E36167-2DAB-4511-9836-4BE9EFB1C171}.Debug|Any CPU.ActiveCfg = Debug|Any CPU
		{47E36167-2DAB-4511-9836-4BE9EFB1C171}.Debug|Any CPU.Build.0 = Debug|Any CPU
		{47E36167-2DAB-4511-9836-4BE9EFB1C171}.Release|Any CPU.ActiveCfg = Release|Any CPU
		{47E36167-2DAB-4511-9836-4BE9EFB1C171}.Release|Any CPU.Build.0 = Release|Any CPU
		{3756A455-ECFB-40BB-9381-DE6F2662F10F}.Debug|Any CPU.ActiveCfg = Debug|Any CPU
		{3756A455-ECFB-40BB-9381-DE6F2662F10F}.Debug|Any CPU.Build.0 = Debug|Any CPU
		{3756A455-ECFB-40BB-9381-DE6F2662F10F}.Release|Any CPU.ActiveCfg = Release|Any CPU
		{3756A455-ECFB-40BB-9381-DE6F2662F10F}.Release|Any CPU.Build.0 = Release|Any CPU
		{CAC31561-140C-477F-9ABF-373D5E21A3F2}.Debug|Any CPU.ActiveCfg = Debug|Any CPU
		{CAC31561-140C-477F-9ABF-373D5E21A3F2}.Debug|Any CPU.Build.0 = Debug|Any CPU
		{CAC31561-140C-477F-9ABF-373D5E21A3F2}.Release|Any CPU.ActiveCfg = Release|Any CPU
		{CAC31561-140C-477F-9ABF-373D5E21A3F2}.Release|Any CPU.Build.0 = Release|Any CPU
		{C92C7778-2210-476E-99BF-815EE08AFB70}.Debug|Any CPU.ActiveCfg = Debug|Any CPU
		{C92C7778-2210-476E-99BF-815EE08AFB70}.Debug|Any CPU.Build.0 = Debug|Any CPU
		{C92C7778-2210-476E-99BF-815EE08AFB70}.Release|Any CPU.ActiveCfg = Release|Any CPU
		{C92C7778-2210-476E-99BF-815EE08AFB70}.Release|Any CPU.Build.0 = Release|Any CPU
		{E9E94792-390B-4118-BC73-292400852D5D}.Debug|Any CPU.ActiveCfg = Debug|Any CPU
		{E9E94792-390B-4118-BC73-292400852D5D}.Debug|Any CPU.Build.0 = Debug|Any CPU
		{E9E94792-390B-4118-BC73-292400852D5D}.Release|Any CPU.ActiveCfg = Release|Any CPU
		{E9E94792-390B-4118-BC73-292400852D5D}.Release|Any CPU.Build.0 = Release|Any CPU
		{A870A266-698E-471A-B315-B0945FF17E20}.Debug|Any CPU.ActiveCfg = Debug|Any CPU
		{A870A266-698E-471A-B315-B0945FF17E20}.Debug|Any CPU.Build.0 = Debug|Any CPU
		{A870A266-698E-471A-B315-B0945FF17E20}.Release|Any CPU.ActiveCfg = Release|Any CPU
		{A870A266-698E-471A-B315-B0945FF17E20}.Release|Any CPU.Build.0 = Release|Any CPU
		{5B86A622-2968-4382-BD82-E654DB8068D7}.Debug|Any CPU.ActiveCfg = Debug|Any CPU
		{5B86A622-2968-4382-BD82-E654DB8068D7}.Debug|Any CPU.Build.0 = Debug|Any CPU
		{5B86A622-2968-4382-BD82-E654DB8068D7}.Release|Any CPU.ActiveCfg = Release|Any CPU
		{5B86A622-2968-4382-BD82-E654DB8068D7}.Release|Any CPU.Build.0 = Release|Any CPU
		{C3BA0114-14ED-4244-B208-AA15EC718AC7}.Debug|Any CPU.ActiveCfg = Debug|Any CPU
		{C3BA0114-14ED-4244-B208-AA15EC718AC7}.Debug|Any CPU.Build.0 = Debug|Any CPU
		{C3BA0114-14ED-4244-B208-AA15EC718AC7}.Release|Any CPU.ActiveCfg = Release|Any CPU
		{C3BA0114-14ED-4244-B208-AA15EC718AC7}.Release|Any CPU.Build.0 = Release|Any CPU
		{B61D76B3-C87E-4E01-A3C3-94C43BBBC9C4}.Debug|Any CPU.ActiveCfg = Debug|Any CPU
		{B61D76B3-C87E-4E01-A3C3-94C43BBBC9C4}.Debug|Any CPU.Build.0 = Debug|Any CPU
		{B61D76B3-C87E-4E01-A3C3-94C43BBBC9C4}.Release|Any CPU.ActiveCfg = Release|Any CPU
		{B61D76B3-C87E-4E01-A3C3-94C43BBBC9C4}.Release|Any CPU.Build.0 = Release|Any CPU
		{55C83230-90EE-42BE-9F5D-679A5C566F35}.Debug|Any CPU.ActiveCfg = Debug|Any CPU
		{55C83230-90EE-42BE-9F5D-679A5C566F35}.Debug|Any CPU.Build.0 = Debug|Any CPU
		{55C83230-90EE-42BE-9F5D-679A5C566F35}.Release|Any CPU.ActiveCfg = Release|Any CPU
		{55C83230-90EE-42BE-9F5D-679A5C566F35}.Release|Any CPU.Build.0 = Release|Any CPU
		{3E9783D4-1E4F-43CC-8055-EF2413043A0C}.Debug|Any CPU.ActiveCfg = Debug|Any CPU
		{3E9783D4-1E4F-43CC-8055-EF2413043A0C}.Debug|Any CPU.Build.0 = Debug|Any CPU
		{3E9783D4-1E4F-43CC-8055-EF2413043A0C}.Release|Any CPU.ActiveCfg = Release|Any CPU
		{3E9783D4-1E4F-43CC-8055-EF2413043A0C}.Release|Any CPU.Build.0 = Release|Any CPU
		{40FC007D-F071-437E-A2F1-E3266CE7E837}.Debug|Any CPU.ActiveCfg = Debug|Any CPU
		{40FC007D-F071-437E-A2F1-E3266CE7E837}.Debug|Any CPU.Build.0 = Debug|Any CPU
		{40FC007D-F071-437E-A2F1-E3266CE7E837}.Release|Any CPU.ActiveCfg = Release|Any CPU
		{40FC007D-F071-437E-A2F1-E3266CE7E837}.Release|Any CPU.Build.0 = Release|Any CPU
		{987E0C05-455D-453E-847F-647954FF1ED3}.Debug|Any CPU.ActiveCfg = Debug|Any CPU
		{987E0C05-455D-453E-847F-647954FF1ED3}.Debug|Any CPU.Build.0 = Debug|Any CPU
		{987E0C05-455D-453E-847F-647954FF1ED3}.Release|Any CPU.ActiveCfg = Release|Any CPU
		{987E0C05-455D-453E-847F-647954FF1ED3}.Release|Any CPU.Build.0 = Release|Any CPU
		{10E163BF-8D0A-4AFB-84A1-15BD6386DF9E}.Debug|Any CPU.ActiveCfg = Debug|Any CPU
		{10E163BF-8D0A-4AFB-84A1-15BD6386DF9E}.Debug|Any CPU.Build.0 = Debug|Any CPU
		{10E163BF-8D0A-4AFB-84A1-15BD6386DF9E}.Release|Any CPU.ActiveCfg = Release|Any CPU
		{10E163BF-8D0A-4AFB-84A1-15BD6386DF9E}.Release|Any CPU.Build.0 = Release|Any CPU
		{AC8EEA6D-C1DF-425D-B997-A403BC78F011}.Debug|Any CPU.ActiveCfg = Debug|Any CPU
		{AC8EEA6D-C1DF-425D-B997-A403BC78F011}.Debug|Any CPU.Build.0 = Debug|Any CPU
		{AC8EEA6D-C1DF-425D-B997-A403BC78F011}.Release|Any CPU.ActiveCfg = Release|Any CPU
		{AC8EEA6D-C1DF-425D-B997-A403BC78F011}.Release|Any CPU.Build.0 = Release|Any CPU
		{9289D46F-9AC4-441C-91F5-7EBDA8D8AC79}.Debug|Any CPU.ActiveCfg = Debug|Any CPU
		{9289D46F-9AC4-441C-91F5-7EBDA8D8AC79}.Debug|Any CPU.Build.0 = Debug|Any CPU
		{9289D46F-9AC4-441C-91F5-7EBDA8D8AC79}.Release|Any CPU.ActiveCfg = Release|Any CPU
		{9289D46F-9AC4-441C-91F5-7EBDA8D8AC79}.Release|Any CPU.Build.0 = Release|Any CPU
		{8ED31051-B6AD-487A-B6CB-98A3B634ECA4}.Debug|Any CPU.ActiveCfg = Debug|Any CPU
		{8ED31051-B6AD-487A-B6CB-98A3B634ECA4}.Debug|Any CPU.Build.0 = Debug|Any CPU
		{8ED31051-B6AD-487A-B6CB-98A3B634ECA4}.Release|Any CPU.ActiveCfg = Release|Any CPU
		{8ED31051-B6AD-487A-B6CB-98A3B634ECA4}.Release|Any CPU.Build.0 = Release|Any CPU
		{5D73438B-88B6-42D8-88B1-8E507C751C8B}.Debug|Any CPU.ActiveCfg = Debug|Any CPU
		{5D73438B-88B6-42D8-88B1-8E507C751C8B}.Debug|Any CPU.Build.0 = Debug|Any CPU
		{5D73438B-88B6-42D8-88B1-8E507C751C8B}.Release|Any CPU.ActiveCfg = Release|Any CPU
		{5D73438B-88B6-42D8-88B1-8E507C751C8B}.Release|Any CPU.Build.0 = Release|Any CPU
		{92AAE113-1D61-43C0-A31E-478697D7E7D4}.Debug|Any CPU.ActiveCfg = Debug|Any CPU
		{92AAE113-1D61-43C0-A31E-478697D7E7D4}.Debug|Any CPU.Build.0 = Debug|Any CPU
		{92AAE113-1D61-43C0-A31E-478697D7E7D4}.Release|Any CPU.ActiveCfg = Release|Any CPU
		{92AAE113-1D61-43C0-A31E-478697D7E7D4}.Release|Any CPU.Build.0 = Release|Any CPU
		{FEA0C318-FFED-4D39-8781-265718CA43DD}.Debug|Any CPU.ActiveCfg = Debug|Any CPU
		{FEA0C318-FFED-4D39-8781-265718CA43DD}.Debug|Any CPU.Build.0 = Debug|Any CPU
		{FEA0C318-FFED-4D39-8781-265718CA43DD}.Release|Any CPU.ActiveCfg = Release|Any CPU
		{FEA0C318-FFED-4D39-8781-265718CA43DD}.Release|Any CPU.Build.0 = Release|Any CPU
		{51974EAE-BC3F-47AC-8238-F4104905E9F3}.Debug|Any CPU.ActiveCfg = Debug|Any CPU
		{51974EAE-BC3F-47AC-8238-F4104905E9F3}.Debug|Any CPU.Build.0 = Debug|Any CPU
		{51974EAE-BC3F-47AC-8238-F4104905E9F3}.Release|Any CPU.ActiveCfg = Release|Any CPU
		{51974EAE-BC3F-47AC-8238-F4104905E9F3}.Release|Any CPU.Build.0 = Release|Any CPU
	EndGlobalSection
	GlobalSection(SolutionProperties) = preSolution
		HideSolutionNode = FALSE
	EndGlobalSection
	GlobalSection(NestedProjects) = preSolution
		{69EB31A4-2922-4FAE-A100-63FEB304DFF1} = {426980F2-370E-4C21-8DF5-56871DA50514}
		{8C575688-10A9-4B1D-8A29-C3CFF5D59ED0} = {426980F2-370E-4C21-8DF5-56871DA50514}
		{C83FC7C8-3B37-4F2F-AE4C-BE11FDA91AE6} = {8C575688-10A9-4B1D-8A29-C3CFF5D59ED0}
		{42EB22E1-2978-423F-AD88-06178258FADB} = {8C575688-10A9-4B1D-8A29-C3CFF5D59ED0}
		{D476CBE2-ADFC-48CB-96D8-B3A605628DBD} = {8C575688-10A9-4B1D-8A29-C3CFF5D59ED0}
		{4F4D45E2-6841-4E93-8070-AEFA4752737A} = {8C575688-10A9-4B1D-8A29-C3CFF5D59ED0}
		{0823BD73-2EC7-4D7C-8C57-283D2780934D} = {8C575688-10A9-4B1D-8A29-C3CFF5D59ED0}
		{E477366C-7861-4CD7-BC29-FD02ACB6D74E} = {8C575688-10A9-4B1D-8A29-C3CFF5D59ED0}
		{D500A377-E2A4-4BF4-A908-940D9EA31263} = {8C575688-10A9-4B1D-8A29-C3CFF5D59ED0}
		{19B067B0-915B-4E3A-8015-0BCD84D7C8AE} = {8C575688-10A9-4B1D-8A29-C3CFF5D59ED0}
		{308BE84A-F111-4990-8941-7A94FF2B4906} = {8C575688-10A9-4B1D-8A29-C3CFF5D59ED0}
		{47E36167-2DAB-4511-9836-4BE9EFB1C171} = {8C575688-10A9-4B1D-8A29-C3CFF5D59ED0}
		{3756A455-ECFB-40BB-9381-DE6F2662F10F} = {8C575688-10A9-4B1D-8A29-C3CFF5D59ED0}
		{CAC31561-140C-477F-9ABF-373D5E21A3F2} = {8C575688-10A9-4B1D-8A29-C3CFF5D59ED0}
		{C92C7778-2210-476E-99BF-815EE08AFB70} = {8C575688-10A9-4B1D-8A29-C3CFF5D59ED0}
		{E9E94792-390B-4118-BC73-292400852D5D} = {8C575688-10A9-4B1D-8A29-C3CFF5D59ED0}
		{A870A266-698E-471A-B315-B0945FF17E20} = {8C575688-10A9-4B1D-8A29-C3CFF5D59ED0}
		{5B86A622-2968-4382-BD82-E654DB8068D7} = {8C575688-10A9-4B1D-8A29-C3CFF5D59ED0}
		{C3BA0114-14ED-4244-B208-AA15EC718AC7} = {8C575688-10A9-4B1D-8A29-C3CFF5D59ED0}
		{B61D76B3-C87E-4E01-A3C3-94C43BBBC9C4} = {8C575688-10A9-4B1D-8A29-C3CFF5D59ED0}
		{55C83230-90EE-42BE-9F5D-679A5C566F35} = {8C575688-10A9-4B1D-8A29-C3CFF5D59ED0}
		{3E9783D4-1E4F-43CC-8055-EF2413043A0C} = {8C575688-10A9-4B1D-8A29-C3CFF5D59ED0}
		{40FC007D-F071-437E-A2F1-E3266CE7E837} = {8C575688-10A9-4B1D-8A29-C3CFF5D59ED0}
		{987E0C05-455D-453E-847F-647954FF1ED3} = {8C575688-10A9-4B1D-8A29-C3CFF5D59ED0}
		{10E163BF-8D0A-4AFB-84A1-15BD6386DF9E} = {8C575688-10A9-4B1D-8A29-C3CFF5D59ED0}
		{AC8EEA6D-C1DF-425D-B997-A403BC78F011} = {69EB31A4-2922-4FAE-A100-63FEB304DFF1}
		{9289D46F-9AC4-441C-91F5-7EBDA8D8AC79} = {8C575688-10A9-4B1D-8A29-C3CFF5D59ED0}
		{8ED31051-B6AD-487A-B6CB-98A3B634ECA4} = {8C575688-10A9-4B1D-8A29-C3CFF5D59ED0}
		{5D73438B-88B6-42D8-88B1-8E507C751C8B} = {BE7A5A24-5E45-408C-A12C-B572588B9625}
		{92AAE113-1D61-43C0-A31E-478697D7E7D4} = {BE7A5A24-5E45-408C-A12C-B572588B9625}
		{51974EAE-BC3F-47AC-8238-F4104905E9F3} = {8C575688-10A9-4B1D-8A29-C3CFF5D59ED0}
	EndGlobalSection
	GlobalSection(ExtensibilityGlobals) = postSolution
		SolutionGuid = {A670CBEB-D346-4264-85AC-F5B1B8AFD16A}
	EndGlobalSection
EndGlobal
